# This file is automatically @generated by Poetry 2.4.1 and should not be changed by hand.

[[package]]
name = "coverage"
version = "7.16.1"
description = "Code coverage measurement for Python"
optional = false
python-versions = ">=3.10"
groups = ["test"]
files = [
    {file = "coverage-7.16.1-cp310-cp310-macosx_10_9_x86_64.whl", hash = "sha256:4f12a9e27ca7b65e40a8475d27899b2d45064d9020e6a89148939e01987b5853"},
    {file = "coverage-7.16.1-cp310-cp310-macosx_11_0_arm64.whl", hash = "sha256:8f590d46c30d9e4c1fda3efefe5443f4c2f6a4192c5ca2ba403653e9ebadf097"},
    {file = "coverage-7.16.1-cp310-cp310-manylinux1_i686.manylinux_2_28_i686.manylinux_2_5_i686.whl", hash = "sha256:3df82f0a3cef4e1bcfc799436056f0b978dda319d0bfd4460c6e479b2802d98a"},
    {file = "coverage-7.16.1-cp310-cp310-manylinux1_x86_64.manylinux_2_28_x86_64.manylinux_2_5_x86_64.whl", hash = "sha256:bb462d59146656e278d1e8ed913ce374d0ba68a4e081acde1867f6d3377fc881"},
    {file = "coverage-7.16.1-cp310-cp310-manylinux2014_aarch64.manylinux_2_17_aarch64.manylinux_2_28_aarch64.whl", hash = "sha256:d7db888dd0a1df1a653cae7f99d4047430d2187a3626eda51bc847b0fd6b9b43"},
    {file = "coverage-7.16.1-cp310-cp310-manylinux2014_ppc64le.manylinux_2_17_ppc64le.manylinux_2_28_ppc64le.whl", hash = "sha256:38a7e16f061504ac2b45370bf5bf97e8250d8d3f25e37385bae884978166554b"},
    {file = "coverage-7.16.1-cp310-cp310-manylinux_2_31_riscv64.manylinux_2_39_riscv64.whl", hash = "sha256:2b26b55b18e1a53e1a159dd743728c4ddbbef28ba19000a91aaff5ce023197ec"},
    {file = "coverage-7.16.1-cp310-cp310-musllinux_1_2_aarch64.whl", hash = "sha256:fdb2f528b50953e29d22033b3256c396a700193c6e45b2490222ef9c333cbbf9"},
    {file = "coverage-7.16.1-cp310-cp310-musllinux_1_2_i686.whl", hash = "sha256:3284754371dc78592aa3ae4d661d30ee20e02b2b6b0de3590a181a936d0d3b38"},
    {file = "coverage-7.16.1-cp310-cp310-musllinux_1_2_ppc64le.whl", hash = "sha256:802d1246c540e07486d4ee1adfa19a797e4b33529ffc371dc140644e8f27da0a"},
    {file = "coverage-7.16.1-cp310-cp310-musllinux_1_2_riscv64.whl", hash = "sha256:6fc735d6fe6d57f803e7ba021be4dde48e43e6aff94e6954350555d5332b0594"},
    {file = "coverage-7.16.1-cp310-cp310-musllinux_1_2_x86_64.whl", hash = "sha256:ed5ade1bb18f62edace1bd198c66f9d4c75a8385d5fd24e87d917ea1a5958773"},
    {file = "coverage-7.16.1-cp310-cp310-win32.whl", hash = "sha256:0c309096926b119543dc16438a11ef4c80783d2f4e59ff94f7f462651a944cdc"},
    {file = "coverage-7.16.1-cp310-cp310-win_amd64.whl", hash = "sha256:7562f8067ed9360e8b9739e5703403a7686dd1b36bf0f89fc538047c54cdea90"},
    {file = "coverage-7.16.1-cp311-cp311-macosx_10_9_x86_64.whl", hash = "sha256:72e013665e25cf9d44779f01f340af26319756f9a76822b7c94ce6b1d93813da"},
    {file = "coverage-7.16.1-cp311-cp311-macosx_11_0_arm64.whl", hash = "sha256:cb05c0ff98b56ba6969adf35556bc43bcb8d094df8bc9cb403acff53460c4e07"},
    {file = "coverage-7.16.1-cp311-cp311-manylinux1_i686.manylinux_2_28_i686.manylinux_2_5_i686.whl", hash = "sha256:0d0ececb32090e3fbb03e0d352b973a0485879b4de6c58daf47227b9988b99e5"},
    {file = "coverage-7.16.1-cp311-cp311-manylinux1_x86_64.manylinux_2_28_x86_64.manylinux_2_5_x86_64.whl", hash = "sha256:f0ba3892d81aacf36996c52f16bca04e39af31a6c5de930b7688ab617f4a6475"},
    {file = "coverage-7.16.1-cp311-cp311-manylinux2014_aarch64.manylinux_2_17_aarch64.manylinux_2_28_aarch64.whl", hash = "sha256:a6410b75fe07d5271eaa95fc24bd0a9177ed588d9d1c10c0cf67829adb8f0567"},
    {file = "coverage-7.16.1-cp311-cp311-manylinux2014_ppc64le.manylinux_2_17_ppc64le.manylinux_2_28_ppc64le.whl", hash = "sha256:d1039cb2de093225d597109342ce1675626bd127565e80b3044f4eca07c15b2e"},
    {file = "coverage-7.16.1-cp311-cp311-manylinux_2_31_riscv64.manylinux_2_39_riscv64.whl", hash = "sha256:cf047bc39fde5425be2628666d0f435ed8817859111c3aacc84b32d858069f5d"},
    {file = "coverage-7.16.1-cp311-cp311-musllinux_1_2_aarch64.whl", hash = "sha256:2c05913d0d5badf7ac83200f35dcf9514cce5df16a7cc89e7d1d7fff0461813b"},
    {file = "coverage-7.16.1-cp311-cp311-musllinux_1_2_i686.whl", hash = "sha256:4027bf6d7bc0a16df058ce913b69f10c5687f8e1ca668f08caa659ce101744bf"},
    {file = "coverage-7.16.1-cp311-cp311-musllinux_1_2_ppc64le.whl", hash = "sha256:4f48b345f831eaf4402ab6333c2dc3e2e2b5bc7b9c1b8fe12680dee3f0538f01"},
    {file = "coverage-7.16.1-cp311-cp311-musllinux_1_2_riscv64.whl", hash = "sha256:8643baeb590726c558b2faed6cd59b0917480f9367fcc692026f1a86d824fd08"},
    {file = "coverage-7.16.1-cp311-cp311-musllinux_1_2_x86_64.whl", hash = "sha256:d06dcc420b570bf683cdb647cc8fe62b672d9e429ef711c3cbbb7a6880ca1572"},
    {file = "coverage-7.16.1-cp311-cp311-win32.whl", hash = "sha256:946f58aa59b08bcd6afcc6a7bd0ff54ed5eee844f32ad69fe6814836d15856a2"},
    {file = "coverage-7.16.1-cp311-cp311-win_amd64.whl", hash = "sha256:684c7ee9b4c04358fe6ac8b517ab51ec35fcd79d08ff0f105dd8bcd96885bbb7"},
    {file = "coverage-7.16.1-cp311-cp311-win_arm64.whl", hash = "sha256:1b24f79e25bcf6c73931aeca7a3dfc7595c0cb5e9364aba3fdf387a3de4b1c22"},
    {file = "coverage-7.16.1-cp312-cp312-macosx_10_13_x86_64.whl", hash = "sha256:b7f2c26ce6ce0b1e0ca0d5fae96ea510e3a2e78b7207f06e76b7f2c87fa3d0af"},
    {file = "coverage-7.16.1-cp312-cp312-macosx_11_0_arm64.whl", hash = "sha256:070acb9da788dff743a4d36fc015feee12d68f0349959017542017c79f59c21c"},
    {file = "coverage-7.16.1-cp312-cp312-manylinux1_i686.manylinux_2_28_i686.manylinux_2_5_i686.whl", hash = "sha256:e366587b370bc9b8b51b7b7272c610c56db5d5b4795b9e4a29d28ff2f440f809"},
    {file = "coverage-7.16.1-cp312-cp312-manylinux1_x86_64.manylinux_2_28_x86_64.manylinux_2_5_x86_64.whl", hash = "sha256:e82e10b9d290f60b63459cfb245a841aec347603997206296b93881463a93dcf"},
    {file = "coverage-7.16.1-cp312-cp312-manylinux2014_aarch64.manylinux_2_17_aarch64.manylinux_2_28_aarch64.whl", hash = "sha256:3d73bb1f85c4150ac208fb0755beb04b2e44897bad81414de9380f98dd74729f"},
    {file = "coverage-7.16.1-cp312-cp312-manylinux2014_ppc64le.manylinux_2_17_ppc64le.manylinux_2_28_ppc64le.whl", hash = "sha256:3397b9032553d281ad6a9253b12675b65e0cc8cd7a3b0633cf48872c9eb13360"},
    {file = "coverage-7.16.1-cp312-cp312-manylinux_2_31_riscv64.manylinux_2_39_riscv64.whl", hash = "sha256:77890395cf37026a5907d3ad32376aa51f41c0f163b7477fdbd4f94966cc1d08"},
    {file = "coverage-7.16.1-cp312-cp312-musllinux_1_2_aarch64.whl", hash = "sha256:b0944dc3bee3091039bf970d73caaf930c906013128a421bdc132e797494d941"},
    {file = "coverage-7.16.1-cp312-cp312-musllinux_1_2_i686.whl", hash = "sha256:b89d22a89d5bc05dd95b64e08295b8394aa96dc88e08f8ba210c9ebfebbe0489"},
    {file = "coverage-7.16.1-cp312-cp312-musllinux_1_2_ppc64le.whl", hash = "sha256:550a2a1faf7559f13d5344f12d1eb886ad87955155d7dfab2a3fe5c8ec8fe776"},
    {file = "coverage-7.16.1-cp312-cp312-musllinux_1_2_riscv64.whl", hash = "sha256:55eb268e5b81aefac759766c9162625b06c1bedb7b77d936225bafc4f038a6f6"},
    {file = "coverage-7.16.1-cp312-cp312-musllinux_1_2_x86_64.whl", hash = "sha256:65a8fc80898c9ce59f04349fe8b4849b1f9787f14e52ead990e5f849ff4727a0"},
    {file = "coverage-7.16.1-cp312-cp312-win32.whl", hash = "sha256:528a61be40977c340cf201d23b69bd6a6bab507da60e9dbda85f8b30e935d70d"},
    {file = "coverage-7.16.1-cp312-cp312-win_amd64.whl", hash = "sha256:d0f02c633630e2b74522108ee95a84ad6e1204a8016a6cca5297f335ea27147e"},
    {file = "coverage-7.16.1-cp312-cp312-win_arm64.whl", hash = "sha256:2959978f9d1d20a2c0c15d0a68baaeccf615ac1aa214cf4a05a10d6f568926c8"},
    {file = "coverage-7.16.1-cp313-cp313-macosx_10_13_x86_64.whl", hash = "sha256:ee5465db6e9152a7d09f3215309326878c6aa3ac509195a369f9d264ff4bfbd9"},
    {file = "coverage-7.16.1-cp313-cp313-macosx_11_0_arm64.whl", hash = "sha256:2b8256f8b525ba233d2e4cdcdce0d6673c66fc9bf70df1fd5e67c54a74e2d245"},
    {file = "coverage-7.16.1-cp313-cp313-manylinux1_i686.manylinux_2_28_i686.manylinux_2_5_i686.whl", hash = "sha256:d57cc400275b9a2892e905fc893f732b21ddb95271bf96406c88e2f6367848b5"},
    {file = "coverage-7.16.1-cp313-cp313-manylinux1_x86_64.manylinux_2_28_x86_64.manylinux_2_5_x86_64.whl", hash = "sha256:6b3fd0f3435ebb7a7183b32a6062a8b755f08242ced1f3f22761d30b56b3c2a5"},
    {file = "coverage-7.16.1-cp313-cp313-manylinux2014_aarch64.manylinux_2_17_aarch64.manylinux_2_28_aarch64.whl", hash = "sha256:e5eb1762e7eb5fad34ef913e8107c7788a66f19d328e598ce95bf7217f9e5c8f"},
    {file = "coverage-7.16.1-cp313-cp313-manylinux2014_ppc64le.manylinux_2_17_ppc64le.manylinux_2_28_ppc64le.whl", hash = "sha256:46cd3a73e9140410de62cceb66214bce0e08fb3922b9176fbfc1522fec151b41"},
    {file = "coverage-7.16.1-cp313-cp313-manylinux_2_31_riscv64.manylinux_2_39_riscv64.whl", hash = "sha256:d1ba5142d68dd2cb775cbd0ac8601819298152047803c8efe4eec6d7d7aa7878"},
    {file = "coverage-7.16.1-cp313-cp313-musllinux_1_2_aarch64.whl", hash = "sha256:c389c6f9d1d518e1249ddcb8a7f158135644ce2c508fa6cc17b680777dad5bf2"},
    {file = "coverage-7.16.1-cp313-cp313-musllinux_1_2_i686.whl", hash = "sha256:cdc57746c7ac0ea063351b4d651c3bb4dd4fd35e64dbb8e90c10e14eb03c4080"},
    {file = "coverage-7.16.1-cp313-cp313-musllinux_1_2_ppc64le.whl", hash = "sha256:5597180ed7670cc94c04c65347418a467d3a43d5f0cf52fcac647f5425f42037"},
    {file = "coverage-7.16.1-cp313-cp313-musllinux_1_2_riscv64.whl", hash = "sha256:a9647a0ac46255b8fef59a433a2161f03e5483f3a35e1cbd9dfe4600baff0c6b"},
    {file = "coverage-7.16.1-cp313-cp313-musllinux_1_2_x86_64.whl", hash = "sha256:e306e98186b9cd109121f3583aeb7978797ad21d948f22944c5c08845cd554d0"},
    {file = "coverage-7.16.1-cp313-cp313-win32.whl", hash = "sha256:48a78a66fcce49d7f6156524bf979c0ac633d584199717c68c6ffa949fc14e6a"},
    {file = "coverage-7.16.1-cp313-cp313-win_amd64.whl", hash = "sha256:7af03247d598a353bbbbe1b925deb735276e4d845e7197c4073dc89352b236fa"},
    {file = "coverage-7.16.1-cp313-cp313-win_arm64.whl", hash = "sha256:166adae25b05b04c9a84135912066d9c97482115af38df1a419a38aacc6b6f5d"},
    {file = "coverage-7.16.1-cp314-cp314-macosx_10_15_x86_64.whl", hash = "sha256:cc0b37fe6f5ce5f1ccc62ad4fa9b1ad201d8e9b6027fd5e0170877beee4b2d15"},
    {file = "coverage-7.16.1-cp314-cp314-macosx_11_0_arm64.whl", hash = "sha256:6618f481053b63fc6121faf8fc676bd9b7163c2a19d9e984a2e850002c28ab57"},
    {file = "coverage-7.16.1-cp314-cp314-manylinux1_i686.manylinux_2_28_i686.manylinux_2_5_i686.whl", hash = "sha256:fa02d561eb1d8d2f8ba43ba6e3cef4c6c402a3b632a9460fa329fcadcd5df6a3"},
    {file = "coverage-7.16.1-cp314-cp314-manylinux1_x86_64.manylinux_2_28_x86_64.manylinux_2_5_x86_64.whl", hash = "sha256:bc5354a124799f1f87b7637bbe6f18cd4bc66a1f37f6aa2b5db40f9adad531dc"},
    {file = "coverage-7.16.1-cp314-cp314-manylinux2014_aarch64.manylinux_2_17_aarch64.manylinux_2_28_aarch64.whl", hash = "sha256:34bafe9f4094315248573e6223e11af0ec1b25f9cbca43bf0e9a26a189ba2751"},
    {file = "coverage-7.16.1-cp314-cp314-manylinux2014_ppc64le.manylinux_2_17_ppc64le.manylinux_2_28_ppc64le.whl", hash = "sha256:29c4d3e32a3b5efa420a3dc627c7e570deb80ef997def52c7686a474f5edc7ab"},
    {file = "coverage-7.16.1-cp314-cp314-manylinux_2_31_riscv64.manylinux_2_39_riscv64.whl", hash = "sha256:f2066c447fdd0bca39a9633a082d8ce67bf9a539a203b85059a364a405dc9fe9"},
    {file = "coverage-7.16.1-cp314-cp314-musllinux_1_2_aarch64.whl", hash = "sha256:fd8ac10cd2458b3c6343aac082fb9bd0e3fa806cb2c4975f2280153474b88412"},
    {file = "coverage-7.16.1-cp314-cp314-musllinux_1_2_i686.whl", hash = "sha256:9d8c54ec32e5c102b9241f75d88ae26538b53662868ca491736611db448d9c7a"},
    {file = "coverage-7.16.1-cp314-cp314-musllinux_1_2_ppc64le.whl", hash = "sha256:6dd8dda3402a01a1a8fe8b753a282466f615128574a5590a9108acd07b1f8540"},
    {file = "coverage-7.16.1-cp314-cp314-musllinux_1_2_riscv64.whl", hash = "sha256:79afa9726438912e5cddd1fe541815cea9763c92935f594835e4c432565b68a9"},
    {file = "coverage-7.16.1-cp314-cp314-musllinux_1_2_x86_64.whl", hash = "sha256:3db3978211c3cead5437a80136ca0556bab8bc7828de15a762884b0598c41361"},
    {file = "coverage-7.16.1-cp314-cp314-win32.whl", hash = "sha256:49c39c7068a494f8eb427155f5682f44feee43f9b3107fd54b1e52465379c54b"},
    {file = "coverage-7.16.1-cp314-cp314-win_amd64.whl", hash = "sha256:c510dad19552d912058e4c3e3cbec3fb155dbe8d0ce0ceb7e7dbf5c5822bae0b"},
    {file = "coverage-7.16.1-cp314-cp314-win_arm64.whl", hash = "sha256:b7d4d7e6dcaf33e85f1919f03346403bdcc27437c420a78835f3805bca0ab71f"},
    {file = "coverage-7.16.1-cp314-cp314t-macosx_10_15_x86_64.whl", hash = "sha256:3d0a3681c12d3e0bcdea3d9414b04087828d6c1a482802d6f7f42c37ed530152"},
    {file = "coverage-7.16.1-cp314-cp314t-macosx_11_0_arm64.whl", hash = "sha256:3f3b4469d3da3ecced775d1a8c9c5d9fc80f259e30b7b89f9fed0700d6035ecb"},
    {file = "coverage-7.16.1-cp314-cp314t-manylinux1_i686.manylinux_2_28_i686.manylinux_2_5_i686.whl", hash = "sha256:c08ae35c1be2fe1ce4b4c628df5c6fc0dc9a87f8e5fe8e20238d249678984741"},
    {file = "coverage-7.16.1-cp314-cp314t-manylinux1_x86_64.manylinux_2_28_x86_64.manylinux_2_5_x86_64.whl", hash = "sha256:8ee71a38c54bb2676bbe762b8b0943a79ccb1c2fd6a52054f66e63eda392f8c1"},
    {file = "coverage-7.16.1-cp314-cp314t-manylinux2014_aarch64.manylinux_2_17_aarch64.manylinux_2_28_aarch64.whl", hash = "sha256:76491917771f179f9772efe218c5ccc65950dbdb35f4439298d8a8dfc6ec1f72"},
    {file = "coverage-7.16.1-cp314-cp314t-manylinux2014_ppc64le.manylinux_2_17_ppc64le.manylinux_2_28_ppc64le.whl", hash = "sha256:f4aa0b0a6f81fa3deb211e643f6954e78b4376b62b9c218271236cfa757664e8"},
    {file = "coverage-7.16.1-cp314-cp314t-manylinux_2_31_riscv64.manylinux_2_39_riscv64.whl", hash = "sha256:756ba2d96d073c5a2a55d67fa22784763710fadbe22c41adde2d9cfa4dd78a8c"},
    {file = "coverage-7.16.1-cp314-cp314t-musllinux_1_2_aarch64.whl", hash = "sha256:99bf9ea435cefcefd220f8687c3ddbbf78dc2de0bd11b57c3ae9fbbdf8d5561a"},
    {file = "coverage-7.16.1-cp314-cp314t-musllinux_1_2_i686.whl", hash = "sha256:35cbc81f937fc402971df45c897d2df2bfb2014efcd990360032aa0a651635da"},
    {file = "coverage-7.16.1-cp314-cp314t-musllinux_1_2_ppc64le.whl", hash = "sha256:8fae08e85b334ac6ac886002b5041396a31bcf805225bbe19847627203da99e2"},
    {file = "coverage-7.16.1-cp314-cp314t-musllinux_1_2_riscv64.whl", hash = "sha256:83362b64e215ef00b0ba33fcf13655ace6c9fdd144d5ad2ab59ac86c2daf166e"},
    {file = "coverage-7.16.1-cp314-cp314t-musllinux_1_2_x86_64.whl", hash = "sha256:33300f2e140ccf26af3d8152e62bff71993f9310cfc63ba7a20940b0d246a0ae"},
    {file = "coverage-7.16.1-cp314-cp314t-win32.whl", hash = "sha256:5539304fdbb2cc144df684d35a33b81145334d23e1c2367b5a923d25107f70b2"},
    {file = "coverage-7.16.1-cp314-cp314t-win_amd64.whl", hash = "sha256:715dcb72c3280c428c3a20134b87e42c29acec9669136e899ab2de69ca86218d"},
    {file = "coverage-7.16.1-cp314-cp314t-win_arm64.whl", hash = "sha256:dac8b84c03e6029d272b8249c77018db83de59ca009a9adef7c144b4a62ee5e6"},
    {file = "coverage-7.16.1-cp315-cp315-macosx_10_15_x86_64.whl", hash = "sha256:a337dc2d54c74430cd2febb8ee04f7c508ba8b3b412bf0463f077a66cfc73743"},
    {file = "coverage-7.16.1-cp315-cp315-macosx_11_0_arm64.whl", hash = "sha256:3acd1d78397dead78dd1b011b5fc19cc823c190349acd549e63856dff649c80e"},
    {file = "coverage-7.16.1-cp315-cp315-manylinux1_i686.manylinux_2_28_i686.manylinux_2_5_i686.whl", hash = "sha256:73a32694603a34ad01d7e51a481a4023410d8099e1d0757e067945695c10f0ae"},
    {file = "coverage-7.16.1-cp315-cp315-manylinux1_x86_64.manylinux_2_28_x86_64.manylinux_2_5_x86_64.whl", hash = "sha256:fbbe8265736659a6be2e6042b6a35be13545d14b243cc1d7ecf65f90d788a370"},
    {file = "coverage-7.16.1-cp315-cp315-manylinux2014_aarch64.manylinux_2_17_aarch64.manylinux_2_28_aarch64.whl", hash = "sha256:4b0359eb4c62f9993e176bc8f50450fc736a6b90dbcc05bb8584e948812699ae"},
    {file = "coverage-7.16.1-cp315-cp315-manylinux2014_ppc64le.manylinux_2_17_ppc64le.manylinux_2_28_ppc64le.whl", hash = "sha256:da506e669a8a851b59e122b4b219ea70996a6296f44f3a9348a852526ff961de"},
    {file = "coverage-7.16.1-cp315-cp315-manylinux_2_31_riscv64.manylinux_2_39_riscv64.whl", hash = "sha256:64a2a5985d81810ed605ff0dc4ccd6555efcb5700353825532a9a0aea65826e1"},
    {file = "coverage-7.16.1-cp315-cp315-musllinux_1_2_aarch64.whl", hash = "sha256:66d70132b69b861805dc1ca46cdd733e54c416890e8f1371d2fd103f70b59c9c"},
    {file = "coverage-7.16.1-cp315-cp315-musllinux_1_2_i686.whl", hash = "sha256:db651a9cf325a542bc2b7b8cc8f1b2bdc6492739bae3103731b2f1c85b96cff6"},
    {file = "coverage-7.16.1-cp315-cp315-musllinux_1_2_ppc64le.whl", hash = "sha256:4184e78a4465dcda359fb403172b8951dd220929cb0984c02fabca1742fff06f"},
    {file = "coverage-7.16.1-cp315-cp315-musllinux_1_2_riscv64.whl", hash = "sha256:bc53c3f3adaa939b7a063533ffe0ae1259e7073393c618043a99a6970a87e3df"},
    {file = "coverage-7.16.1-cp315-cp315-musllinux_1_2_x86_64.whl", hash = "sha256:b44308854ef210b9b78df9cdfd4e159513382a859f5ef8464306d14a54c2a040"},
    {file = "coverage-7.16.1-cp315-cp315-win32.whl", hash = "sha256:dccc142614d3419ed71857deb43f1d757829a4c7fce9994464b71e7e38309827"},
    {file = "coverage-7.16.1-cp315-cp315-win_amd64.whl", hash = "sha256:961fc424e9d5229a99f8f1189942d8e7f4e1519147c3af64842f944aca03914d"},
    {file = "coverage-7.16.1-cp315-cp315-win_arm64.whl", hash = "sha256:681a9488c5a234397c4f013da065aa9e53eb7af4c78f1f80c6f15e7208acb855"},
    {file = "coverage-7.16.1-cp315-cp315t-macosx_10_15_x86_64.whl", hash = "sha256:8bb09a2d19b04db1fa0e087a7ca4f12458f7e0e7364cfcd838441d86fb1c61f6"},
    {file = "coverage-7.16.1-cp315-cp315t-macosx_11_0_arm64.whl", hash = "sha256:2270a794600b635ca9452ce4c32e2fe81a35f9caa17ffac0eba99f14f275bd4d"},
    {file = "coverage-7.16.1-cp315-cp315t-manylinux1_i686.manylinux_2_28_i686.manylinux_2_5_i686.whl", hash = "sha256:a4eff405b545dfcf79cf0d9d3ff750e5c5a887aa066114175193a81d249c5ee6"},
    {file = "coverage-7.16.1-cp315-cp315t-manylinux1_x86_64.manylinux_2_28_x86_64.manylinux_2_5_x86_64.whl", hash = "sha256:ee1d5fc9e3bd6a217906929cc97880239a91d20dae7746f538eb0eefee705ab1"},
    {file = "coverage-7.16.1-cp315-cp315t-manylinux2014_aarch64.manylinux_2_17_aarch64.manylinux_2_28_aarch64.whl", hash = "sha256:d4ec944947de098ad5a1738413f9364689a57067ecbc328e9de37218aa1e5cc1"},
    {file = "coverage-7.16.1-cp315-cp315t-manylinux2014_ppc64le.manylinux_2_17_ppc64le.manylinux_2_28_ppc64le.whl", hash = "sha256:3f73ee3956fde2d461c9e2955dd48166e4821fc8587d135e8780fb84da2a098b"},
    {file = "coverage-7.16.1-cp315-cp315t-manylinux_2_31_riscv64.manylinux_2_39_riscv64.whl", hash = "sha256:1ec9a4ee989c0d06ad95add0dbfdbb72b00ef53f43431ca0b612384e7878e5de"},
    {file = "coverage-7.16.1-cp315-cp315t-musllinux_1_2_aarch64.whl", hash = "sha256:7e5727b2508f817f3126d6c33327dda32fe69d15514badfcd61db8bc4209ecef"},
    {file = "coverage-7.16.1-cp315-cp315t-musllinux_1_2_i686.whl", hash = "sha256:19a3ea2f364012ef06678118fffdc92442a16bef4a5c8ad4f4019dd8f9ac8876"},
    {file = "coverage-7.16.1-cp315-cp315t-musllinux_1_2_ppc64le.whl", hash = "sha256:996c2b891b441ec2b39725ee3e8386e2f11b4894b92be225fdfd54a3eeada2c8"},
    {file = "coverage-7.16.1-cp315-cp315t-musllinux_1_2_riscv64.whl", hash = "sha256:a125fac1f6b1e88488d208a86b578e1790e3c4937f2e1568d23356141d236220"},
    {file = "coverage-7.16.1-cp315-cp315t-musllinux_1_2_x86_64.whl", hash = "sha256:b10095528b866d322d33d6bf1709b7f8cbf959f12e8cb2ba22fc59c8717866b0"},
    {file = "coverage-7.16.1-cp315-cp315t-win32.whl", hash = "sha256:531d9be377fdcc05593b974656872eb82e808ebeb42a72515e3aaeb8bb7166f5"},
    {file = "coverage-7.16.1-cp315-cp315t-win_amd64.whl", hash = "sha256:46a88f51770df7c9bc376bd57d3f86cdc7624b8e16ac4b585a655c22b7a1b4db"},
    {file = "coverage-7.16.1-cp315-cp315t-win_arm64.whl", hash = "sha256:7580432cbe1e8b762660ae5806f04f869e1c02e519836a43f8094437e561e9f0"},
    {file = "coverage-7.16.1-py3-none-any.whl", hash = "sha256:3d8bd4e58b6a5c2018d808f297905393c6c61da466a48c3f0596a76a4900ebe4"},
    {file = "coverage-7.16.1.tar.gz", hash = "sha256:f83981779bcf9dfa06fa0a8d4cb43e0faec1706328ce07aa3e7b665b4ac0f210"},
]

[package.extras]
toml = ["tomli ; python_full_version <= \"3.11.0a6\""]

[[package]]
name = "markdown-it-py"
version = "4.2.0"
description = "Python port of markdown-it. Markdown parsing, done right!"
optional = false
python-versions = ">=3.10"
groups = ["main"]
files = [
    {file = "markdown_it_py-4.2.0-py3-none-any.whl", hash = "sha256:9f7ebbcd14fe59494226453aed97c1070d83f8d24b6fc3a3bcf9a38092641c4a"},
    {file = "markdown_it_py-4.2.0.tar.gz", hash = "sha256:04a21681d6fbb623de53f6f364d352309d4094dd4194040a10fd51833e418d49"},
]

[package.dependencies]
mdurl = ">=0.1,<1.0"

[package.extras]
benchmarking = ["psutil", "pytest", "pytest-benchmark"]
compare = ["commonmark (>=0.9,<1.0)", "markdown (>=3.4,<4.0)", "markdown-it-pyrs", "mistletoe (>=1.0,<2.0)", "mistune (>=3.0,<4.0)", "panflute (>=2.3,<3.0)"]
linkify = ["linkify-it-py (>=1,<3)"]
plugins = ["mdit-py-plugins (>=0.5.0)"]
profiling = ["gprof2dot"]
rtd = ["ipykernel", "jupyter_sphinx", "mdit-py-plugins (>=0.5.0)", "myst-parser", "pyyaml", "sphinx", "sphinx-book-theme (>=1.0,<2.0)", "sphinx-copybutton", "sphinx-design"]
testing = ["coverage", "pytest", "pytest-cov", "pytest-regressions", "pytest-timeout", "requests"]

[[package]]
name = "mdurl"
version = "0.1.2"
description = "Markdown URL utilities"
optional = false
python-versions = ">=3.7"
groups = ["main"]
files = [
    {file = "mdurl-0.1.2-py3-none-any.whl", hash = "sha256:84008a41e51615a49fc9966191ff91509e3c40b939176e643fd50a5c2196b8f8"},
    {file = "mdurl-0.1.2.tar.gz", hash = "sha256:bb413d29f5eea38f31dd4754dd7377d4465116fb207585f97bf925588687c1ba"},
]

[[package]]
name = "slack-sdk"
version = "3.44.1"
description = "The Slack API Platform SDK for Python"
optional = false
python-versions = ">=3.7"
groups = ["main"]
files = [
    {file = "slack_sdk-3.44.1-py2.py3-none-any.whl", hash = "sha256:d6f20a0fbe3fecf9cac955c99d686301b48a645b7045472c3a0cdd186d7c42b2"},
    {file = "slack_sdk-3.44.1.tar.gz", hash = "sha256:ca19505423789fa2a3189ff486f989f02e49289f008d0a5813df7255b3fb93ea"},
]

[package.extras]
optional = ["SQLAlchemy (>=2.0.52,<3)", "aiodns (>1.0,<3.3) ; python_version < \"3.9\"", "aiodns (>1.0,<4) ; python_version == \"3.9\"", "aiodns (>=4.0.4) ; python_version >= \"3.10\"", "aiohttp (>=3.13.5,<3.14) ; python_version == \"3.9\"", "aiohttp (>=3.14.3,<4) ; python_version >= \"3.10\"", "aiohttp (>=3.7.3,<3.11) ; python_version == \"3.8\"", "aiohttp (>=3.7.3,<3.9) ; python_version == \"3.7\"", "boto3 (<=2)", "websocket-client (>=1,<1.6.2) ; python_version == \"3.7\"", "websocket-client (>=1,<1.9.0) ; python_version == \"3.8\"", "websocket-client (>=1,<1.9.1) ; python_version == \"3.9\"", "websocket-client (>=1.9.1,<2) ; python_version >= \"3.10\"", "websockets (>=16.1.1,<17) ; python_version >= \"3.10\"", "websockets (>=9.1,<12) ; python_version == \"3.7\"", "websockets (>=9.1,<14) ; python_version == \"3.8\"", "websockets (>=9.1,<16) ; python_version == \"3.9\""]

[[package]]
name = "slackify-markdown"
version = "0.2.4"
description = "Convert markdown to Slack-compatible formatting"
optional = false
python-versions = ">=3.8"
groups = ["main"]
files = [
    {file = "slackify_markdown-0.2.4-py3-none-any.whl", hash = "sha256:5dd7539facafb6c0add7d895bf3501ba25cd7539ee8e06fc0a3adfef237d647c"},
    {file = "slackify_markdown-0.2.4.tar.gz", hash = "sha256:90b57c0a4ef81306c2208573ab4d3afc945797eed0dd04c4876b4a0ca7222619"},
]

[package.dependencies]
markdown-it-py = ">=3.0.0"

[metadata]
lock-version = "2.1"
python-versions = ">=3.13"
content-hash = "85943e7a2f1fb0ac0a71b4eb215eac5e5a1d1f19164de579fbbfb9bf4165a429"
